PODS:
  - JKCrashProtect (0.2.0):
    - JKUBSAspects (~> 0.1.0)
  - JKUBSAspects (0.1.0)
  - Kiwi (2.4.0)

DEPENDENCIES:
  - JKCrashProtect (from `../`)
  - Kiwi

EXTERNAL SOURCES:
  JKCrashProtect:
    :path: "../"

SPEC CHECKSUMS:
  JKCrashProtect: 1dad6ab269153111acaf951328aa28bf1c90f553
  JKUBSAspects: fa3a3e653409030ff169ae9d985302d16fe1aec4
  Kiwi: f49c9d54b28917df5928fe44968a39ed198cb8a8

PODFILE CHECKSUM: a86e051189e5eed1a1bb34b31bda204ec92b9435

COCOAPODS: 1.1.1
