PODS:
  - JKCrashProtect (0.1.0)
  - Kiwi (2.4.0)

DEPENDENCIES:
  - JKCrashProtect (from `../`)
  - Kiwi

EXTERNAL SOURCES:
  JKCrashProtect:
    :path: "../"

SPEC CHECKSUMS:
  JKCrashProtect: af6795815233e4c6f552842e174c46d5cf413068
  Kiwi: f49c9d54b28917df5928fe44968a39ed198cb8a8

PODFILE CHECKSUM: a86e051189e5eed1a1bb34b31bda204ec92b9435

COCOAPODS: 1.1.1
